{
  "lib/LayerZero-v2": {
    "rev": "4645b5795185a196713263311f76a497a3267dcc"
  },
  "lib/devtools": {
    "rev": "5268e9c0c70106a9b74ceaf519ffaa41d8b503ec"
  },
  "lib/forge-std": {
    "tag": {
      "name": "v1.10.0",
      "rev": "8bbcf6e3f8f62f419e5429a0bd89331c85c37824"
    }
  },
  "lib/openzeppelin-contracts-upgradeable": {
    "tag": {
      "name": "v5.4.0",
      "rev": "e725abddf1e01cf05ace496e950fc8e243cc7cab"
    }
  },
  "lib/openzeppelin-foundry-upgrades": {
    "tag": {
      "name": "v0.4.0",
      "rev": "cbce1e00305e943aa1661d43f41e5ac72c662b07"
    }
  },
  "lib/solidity-bytes-utils": {
    "tag": {
      "name": "v0.8.4",
      "rev": "f4413cd6137b78403e3a1156bee6aceab46b46fa"
    }
  }
}